
Microsoft Visual Studio Solution File, Format Version 12.00
Project("{FAE04EC0-301F-11D3-BF4B-00C04F79EFBC}") = "ExpertFinderRct", "ExpertFinderRct\ExpertFinderRct.csproj", "{DF685F8F-1D64-499C-BF98-FD667B38992B}"
EndProject
Global
	GlobalSection(SolutionConfigurationPlatforms) = preSolution
		Debug|Any CPU = Debug|Any CPU
		Release|Any CPU = Release|Any CPU
	EndGlobalSection
	GlobalSection(ProjectConfigurationPlatforms) = postSolution
		{DF685F8F-1D64-499C-BF98-FD667B38992B}.Debug|Any CPU.ActiveCfg = Debug|Any CPU
		{DF685F8F-1D64-499C-BF98-FD667B38992B}.Debug|Any CPU.Build.0 = Debug|Any CPU
		{DF685F8F-1D64-499C-BF98-FD667B38992B}.Release|Any CPU.ActiveCfg = Release|Any CPU
		{DF685F8F-1D64-499C-BF98-FD667B38992B}.Release|Any CPU.Build.0 = Release|Any CPU
	EndGlobalSection
EndGlobal
